
Microsoft Visual Studio Solution File, Format Version 12.00
# Visual Studio Version 17
VisualStudioVersion = 17.10.35027.167
MinimumVisualStudioVersion = 10.0.40219.1
Project("{FAE04EC0-301F-11D3-BF4B-00C04F79EFBC}") = "Section_28_Exception_Handling", "Section_28_Exception_Handling.csproj", "{2DA3F861-5025-46C9-983B-416E68BBEEC5}"
EndProject
Project("{FAE04EC0-301F-11D3-BF4B-00C04F79EFBC}") = "FormatException", "FormatException\FormatException.csproj", "{BA101D79-479E-4B1B-9A48-670C70633667}"
EndProject
Project("{FAE04EC0-301F-11D3-BF4B-00C04F79EFBC}") = "IndexOutOfRangeException", "IndexOutOfRangeException\IndexOutOfRangeException.csproj", "{394B3132-5DEF-45F5-8477-B18BDC776141}"
EndProject
Project("{FAE04EC0-301F-11D3-BF4B-00C04F79EFBC}") = "NullReferenceException", "NullReferenceException\NullReferenceException.csproj", "{AE66ACEF-E043-4B72-868A-72A1B2A29388}"
EndProject
Project("{FAE04EC0-301F-11D3-BF4B-00C04F79EFBC}") = "ArgumentNullException", "ArgumentNullException\ArgumentNullException.csproj", "{918BE246-08DB-4F54-B125-955A291B7562}"
EndProject
Project("{FAE04EC0-301F-11D3-BF4B-00C04F79EFBC}") = "InnerException", "InnerException\InnerException.csproj", "{27FB3780-9744-4F4E-8DA9-2DE4EA3301D6}"
EndProject
Project("{FAE04EC0-301F-11D3-BF4B-00C04F79EFBC}") = "ArgumentOutOfRangeException", "ArgumentOutOfRangeException\ArgumentOutOfRangeException.csproj", "{BBEBC3C5-5CE4-46BD-8D7B-9C2C3BA09643}"
EndProject
Global
	GlobalSection(SolutionConfigurationPlatforms) = preSolution
		Debug|Any CPU = Debug|Any CPU
		Release|Any CPU = Release|Any CPU
	EndGlobalSection
	GlobalSection(ProjectConfigurationPlatforms) = postSolution
		{2DA3F861-5025-46C9-983B-416E68BBEEC5}.Debug|Any CPU.ActiveCfg = Debug|Any CPU
		{2DA3F861-5025-46C9-983B-416E68BBEEC5}.Debug|Any CPU.Build.0 = Debug|Any CPU
		{2DA3F861-5025-46C9-983B-416E68BBEEC5}.Release|Any CPU.ActiveCfg = Release|Any CPU
		{2DA3F861-5025-46C9-983B-416E68BBEEC5}.Release|Any CPU.Build.0 = Release|Any CPU
		{BA101D79-479E-4B1B-9A48-670C70633667}.Debug|Any CPU.ActiveCfg = Debug|Any CPU
		{BA101D79-479E-4B1B-9A48-670C70633667}.Debug|Any CPU.Build.0 = Debug|Any CPU
		{BA101D79-479E-4B1B-9A48-670C70633667}.Release|Any CPU.ActiveCfg = Release|Any CPU
		{BA101D79-479E-4B1B-9A48-670C70633667}.Release|Any CPU.Build.0 = Release|Any CPU
		{394B3132-5DEF-45F5-8477-B18BDC776141}.Debug|Any CPU.ActiveCfg = Debug|Any CPU
		{394B3132-5DEF-45F5-8477-B18BDC776141}.Debug|Any CPU.Build.0 = Debug|Any CPU
		{394B3132-5DEF-45F5-8477-B18BDC776141}.Release|Any CPU.ActiveCfg = Release|Any CPU
		{394B3132-5DEF-45F5-8477-B18BDC776141}.Release|Any CPU.Build.0 = Release|Any CPU
		{AE66ACEF-E043-4B72-868A-72A1B2A29388}.Debug|Any CPU.ActiveCfg = Debug|Any CPU
		{AE66ACEF-E043-4B72-868A-72A1B2A29388}.Debug|Any CPU.Build.0 = Debug|Any CPU
		{AE66ACEF-E043-4B72-868A-72A1B2A29388}.Release|Any CPU.ActiveCfg = Release|Any CPU
		{AE66ACEF-E043-4B72-868A-72A1B2A29388}.Release|Any CPU.Build.0 = Release|Any CPU
		{918BE246-08DB-4F54-B125-955A291B7562}.Debug|Any CPU.ActiveCfg = Debug|Any CPU
		{918BE246-08DB-4F54-B125-955A291B7562}.Debug|Any CPU.Build.0 = Debug|Any CPU
		{918BE246-08DB-4F54-B125-955A291B7562}.Release|Any CPU.ActiveCfg = Release|Any CPU
		{918BE246-08DB-4F54-B125-955A291B7562}.Release|Any CPU.Build.0 = Release|Any CPU
		{27FB3780-9744-4F4E-8DA9-2DE4EA3301D6}.Debug|Any CPU.ActiveCfg = Debug|Any CPU
		{27FB3780-9744-4F4E-8DA9-2DE4EA3301D6}.Debug|Any CPU.Build.0 = Debug|Any CPU
		{27FB3780-9744-4F4E-8DA9-2DE4EA3301D6}.Release|Any CPU.ActiveCfg = Release|Any CPU
		{27FB3780-9744-4F4E-8DA9-2DE4EA3301D6}.Release|Any CPU.Build.0 = Release|Any CPU
		{BBEBC3C5-5CE4-46BD-8D7B-9C2C3BA09643}.Debug|Any CPU.ActiveCfg = Debug|Any CPU
		{BBEBC3C5-5CE4-46BD-8D7B-9C2C3BA09643}.Debug|Any CPU.Build.0 = Debug|Any CPU
		{BBEBC3C5-5CE4-46BD-8D7B-9C2C3BA09643}.Release|Any CPU.ActiveCfg = Release|Any CPU
		{BBEBC3C5-5CE4-46BD-8D7B-9C2C3BA09643}.Release|Any CPU.Build.0 = Release|Any CPU
	EndGlobalSection
	GlobalSection(SolutionProperties) = preSolution
		HideSolutionNode = FALSE
	EndGlobalSection
	GlobalSection(ExtensibilityGlobals) = postSolution
		SolutionGuid = {97B0D839-DE75-4D55-B7FF-049D47F9159F}
	EndGlobalSection
EndGlobal
