
Microsoft Visual Studio Solution File, Format Version 12.00
# Visual Studio Version 17
VisualStudioVersion = 17.11.35431.28
MinimumVisualStudioVersion = 10.0.40219.1
Project("{FAE04EC0-301F-11D3-BF4B-00C04F79EFBC}") = "ConsoleApp1", "ConsoleApp1.csproj", "{EA797179-C2DD-4583-B933-A8C3A6EB082D}"
EndProject
Global
	GlobalSection(SolutionConfigurationPlatforms) = preSolution
		Debug|Any CPU = Debug|Any CPU
		Release|Any CPU = Release|Any CPU
	EndGlobalSection
	GlobalSection(ProjectConfigurationPlatforms) = postSolution
		{EA797179-C2DD-4583-B933-A8C3A6EB082D}.Debug|Any CPU.ActiveCfg = Debug|Any CPU
		{EA797179-C2DD-4583-B933-A8C3A6EB082D}.Debug|Any CPU.Build.0 = Debug|Any CPU
		{EA797179-C2DD-4583-B933-A8C3A6EB082D}.Release|Any CPU.ActiveCfg = Release|Any CPU
		{EA797179-C2DD-4583-B933-A8C3A6EB082D}.Release|Any CPU.Build.0 = Release|Any CPU
	EndGlobalSection
	GlobalSection(SolutionProperties) = preSolution
		HideSolutionNode = FALSE
	EndGlobalSection
	GlobalSection(ExtensibilityGlobals) = postSolution
		SolutionGuid = {54236EE6-E046-4F35-8A39-8B0C2D2D0E22}
	EndGlobalSection
EndGlobal
