
Microsoft Visual Studio Solution File, Format Version 12.00
# Visual Studio Version 17
VisualStudioVersion = 17.7.34202.233
MinimumVisualStudioVersion = 10.0.40219.1
Project("{FAE04EC0-301F-11D3-BF4B-00C04F79EFBC}") = "Section_18_Extension_Methods_and_Pattern_Matching", "Section_18_Extension_Methods_and_Pattern_Matching.csproj", "{774016FA-EAB0-466E-B9F9-414D4404D87B}"
EndProject
Project("{FAE04EC0-301F-11D3-BF4B-00C04F79EFBC}") = "ClassLibrary1", "ClassLibrary1\ClassLibrary1.csproj", "{4B9619CC-A3ED-426A-B27C-EEA9E3C37FE7}"
EndProject
Project("{FAE04EC0-301F-11D3-BF4B-00C04F79EFBC}") = "Pattern_Matching_Console_Application", "Pattern_Matching_Console_Application\Pattern_Matching_Console_Application.csproj", "{B79AE921-21DF-44DC-8BAE-C441CE7721D7}"
EndProject
Project("{FAE04EC0-301F-11D3-BF4B-00C04F79EFBC}") = "Pattern_Matching_Class_Library", "Pattern_Matching_Class_Library\Pattern_Matching_Class_Library.csproj", "{98E03AD2-44FF-44F1-B5C5-B84272D1152F}"
EndProject
Project("{FAE04EC0-301F-11D3-BF4B-00C04F79EFBC}") = "Implicitly_Typed", "Implicitly_Typed\Implicitly_Typed.csproj", "{19250C4E-EC21-4BD0-9118-661FE68D55D1}"
EndProject
Project("{FAE04EC0-301F-11D3-BF4B-00C04F79EFBC}") = "Implicitly_Class_Library", "Implicitly_Class_Library\Implicitly_Class_Library.csproj", "{3B94072F-1D2E-4277-BE32-F8FFA4EBDE75}"
EndProject
Project("{FAE04EC0-301F-11D3-BF4B-00C04F79EFBC}") = "Dynamically_Typed_var_console", "Dynamically_Typed_var_console\Dynamically_Typed_var_console.csproj", "{64EAE240-6648-449C-AA36-43B7066859FB}"
EndProject
Project("{FAE04EC0-301F-11D3-BF4B-00C04F79EFBC}") = "Inner_Classes_Console_App", "Inner_Classes_Console_App\Inner_Classes_Console_App.csproj", "{D75E7095-B2A7-46D8-B486-8DB1A8F9E946}"
EndProject
Project("{FAE04EC0-301F-11D3-BF4B-00C04F79EFBC}") = "Inner_Classes_Class_Library", "Inner_Classes_Class_Library\Inner_Classes_Class_Library.csproj", "{38ABABFD-58C7-4FC7-9C05-DFF2A04CD1AE}"
EndProject
Global
	GlobalSection(SolutionConfigurationPlatforms) = preSolution
		Debug|Any CPU = Debug|Any CPU
		Release|Any CPU = Release|Any CPU
	EndGlobalSection
	GlobalSection(ProjectConfigurationPlatforms) = postSolution
		{774016FA-EAB0-466E-B9F9-414D4404D87B}.Debug|Any CPU.ActiveCfg = Debug|Any CPU
		{774016FA-EAB0-466E-B9F9-414D4404D87B}.Debug|Any CPU.Build.0 = Debug|Any CPU
		{774016FA-EAB0-466E-B9F9-414D4404D87B}.Release|Any CPU.ActiveCfg = Release|Any CPU
		{774016FA-EAB0-466E-B9F9-414D4404D87B}.Release|Any CPU.Build.0 = Release|Any CPU
		{4B9619CC-A3ED-426A-B27C-EEA9E3C37FE7}.Debug|Any CPU.ActiveCfg = Debug|Any CPU
		{4B9619CC-A3ED-426A-B27C-EEA9E3C37FE7}.Debug|Any CPU.Build.0 = Debug|Any CPU
		{4B9619CC-A3ED-426A-B27C-EEA9E3C37FE7}.Release|Any CPU.ActiveCfg = Release|Any CPU
		{4B9619CC-A3ED-426A-B27C-EEA9E3C37FE7}.Release|Any CPU.Build.0 = Release|Any CPU
		{B79AE921-21DF-44DC-8BAE-C441CE7721D7}.Debug|Any CPU.ActiveCfg = Debug|Any CPU
		{B79AE921-21DF-44DC-8BAE-C441CE7721D7}.Debug|Any CPU.Build.0 = Debug|Any CPU
		{B79AE921-21DF-44DC-8BAE-C441CE7721D7}.Release|Any CPU.ActiveCfg = Release|Any CPU
		{B79AE921-21DF-44DC-8BAE-C441CE7721D7}.Release|Any CPU.Build.0 = Release|Any CPU
		{98E03AD2-44FF-44F1-B5C5-B84272D1152F}.Debug|Any CPU.ActiveCfg = Debug|Any CPU
		{98E03AD2-44FF-44F1-B5C5-B84272D1152F}.Debug|Any CPU.Build.0 = Debug|Any CPU
		{98E03AD2-44FF-44F1-B5C5-B84272D1152F}.Release|Any CPU.ActiveCfg = Release|Any CPU
		{98E03AD2-44FF-44F1-B5C5-B84272D1152F}.Release|Any CPU.Build.0 = Release|Any CPU
		{19250C4E-EC21-4BD0-9118-661FE68D55D1}.Debug|Any CPU.ActiveCfg = Debug|Any CPU
		{19250C4E-EC21-4BD0-9118-661FE68D55D1}.Debug|Any CPU.Build.0 = Debug|Any CPU
		{19250C4E-EC21-4BD0-9118-661FE68D55D1}.Release|Any CPU.ActiveCfg = Release|Any CPU
		{19250C4E-EC21-4BD0-9118-661FE68D55D1}.Release|Any CPU.Build.0 = Release|Any CPU
		{3B94072F-1D2E-4277-BE32-F8FFA4EBDE75}.Debug|Any CPU.ActiveCfg = Debug|Any CPU
		{3B94072F-1D2E-4277-BE32-F8FFA4EBDE75}.Debug|Any CPU.Build.0 = Debug|Any CPU
		{3B94072F-1D2E-4277-BE32-F8FFA4EBDE75}.Release|Any CPU.ActiveCfg = Release|Any CPU
		{3B94072F-1D2E-4277-BE32-F8FFA4EBDE75}.Release|Any CPU.Build.0 = Release|Any CPU
		{64EAE240-6648-449C-AA36-43B7066859FB}.Debug|Any CPU.ActiveCfg = Debug|Any CPU
		{64EAE240-6648-449C-AA36-43B7066859FB}.Debug|Any CPU.Build.0 = Debug|Any CPU
		{64EAE240-6648-449C-AA36-43B7066859FB}.Release|Any CPU.ActiveCfg = Release|Any CPU
		{64EAE240-6648-449C-AA36-43B7066859FB}.Release|Any CPU.Build.0 = Release|Any CPU
		{D75E7095-B2A7-46D8-B486-8DB1A8F9E946}.Debug|Any CPU.ActiveCfg = Debug|Any CPU
		{D75E7095-B2A7-46D8-B486-8DB1A8F9E946}.Debug|Any CPU.Build.0 = Debug|Any CPU
		{D75E7095-B2A7-46D8-B486-8DB1A8F9E946}.Release|Any CPU.ActiveCfg = Release|Any CPU
		{D75E7095-B2A7-46D8-B486-8DB1A8F9E946}.Release|Any CPU.Build.0 = Release|Any CPU
		{38ABABFD-58C7-4FC7-9C05-DFF2A04CD1AE}.Debug|Any CPU.ActiveCfg = Debug|Any CPU
		{38ABABFD-58C7-4FC7-9C05-DFF2A04CD1AE}.Debug|Any CPU.Build.0 = Debug|Any CPU
		{38ABABFD-58C7-4FC7-9C05-DFF2A04CD1AE}.Release|Any CPU.ActiveCfg = Release|Any CPU
		{38ABABFD-58C7-4FC7-9C05-DFF2A04CD1AE}.Release|Any CPU.Build.0 = Release|Any CPU
	EndGlobalSection
	GlobalSection(SolutionProperties) = preSolution
		HideSolutionNode = FALSE
	EndGlobalSection
	GlobalSection(ExtensibilityGlobals) = postSolution
		SolutionGuid = {D495499B-8B99-4116-8930-8B03977F76C9}
	EndGlobalSection
EndGlobal
