
Microsoft Visual Studio Solution File, Format Version 12.00
# Visual Studio Version 17
VisualStudioVersion = 17.10.35027.167
MinimumVisualStudioVersion = 10.0.40219.1
Project("{FAE04EC0-301F-11D3-BF4B-00C04F79EFBC}") = "Sec_13_Partial_and_Static_Classes_Enumerations", "Sec_13_Partial_and_Static_Classes_Enumerations.csproj", "{F7D77FEA-B65E-403A-822C-ECB57BD77B1E}"
EndProject
Project("{FAE04EC0-301F-11D3-BF4B-00C04F79EFBC}") = "ClassLibrary1", "ClassLibrary1\ClassLibrary1.csproj", "{A1515019-F3DC-4719-B23D-4266DD645FE7}"
EndProject
Project("{FAE04EC0-301F-11D3-BF4B-00C04F79EFBC}") = "Static_Classes_Console_Application", "Static_Classes_Console_Application\Static_Classes_Console_Application.csproj", "{7A84A11E-568E-4877-8BAA-7B21A43EB846}"
EndProject
Project("{FAE04EC0-301F-11D3-BF4B-00C04F79EFBC}") = "Static_Classes_Class_Library", "Static_Classes_Class_Library\Static_Classes_Class_Library.csproj", "{9ABA6B7B-B424-4578-9941-4792F67D46C2}"
EndProject
Project("{FAE04EC0-301F-11D3-BF4B-00C04F79EFBC}") = "Enumerations_Console_App", "Enumerations_Console_App\Enumerations_Console_App.csproj", "{158677C6-AE65-43DF-B30F-2E2577EA9B6E}"
EndProject
Project("{FAE04EC0-301F-11D3-BF4B-00C04F79EFBC}") = "Enumerations_Class_Library", "Enumerations_Class_Library\Enumerations_Class_Library.csproj", "{8C902BE0-185E-41CE-A0A7-56446E064915}"
EndProject
Global
	GlobalSection(SolutionConfigurationPlatforms) = preSolution
		Debug|Any CPU = Debug|Any CPU
		Release|Any CPU = Release|Any CPU
	EndGlobalSection
	GlobalSection(ProjectConfigurationPlatforms) = postSolution
		{F7D77FEA-B65E-403A-822C-ECB57BD77B1E}.Debug|Any CPU.ActiveCfg = Debug|Any CPU
		{F7D77FEA-B65E-403A-822C-ECB57BD77B1E}.Debug|Any CPU.Build.0 = Debug|Any CPU
		{F7D77FEA-B65E-403A-822C-ECB57BD77B1E}.Release|Any CPU.ActiveCfg = Release|Any CPU
		{F7D77FEA-B65E-403A-822C-ECB57BD77B1E}.Release|Any CPU.Build.0 = Release|Any CPU
		{A1515019-F3DC-4719-B23D-4266DD645FE7}.Debug|Any CPU.ActiveCfg = Debug|Any CPU
		{A1515019-F3DC-4719-B23D-4266DD645FE7}.Debug|Any CPU.Build.0 = Debug|Any CPU
		{A1515019-F3DC-4719-B23D-4266DD645FE7}.Release|Any CPU.ActiveCfg = Release|Any CPU
		{A1515019-F3DC-4719-B23D-4266DD645FE7}.Release|Any CPU.Build.0 = Release|Any CPU
		{7A84A11E-568E-4877-8BAA-7B21A43EB846}.Debug|Any CPU.ActiveCfg = Debug|Any CPU
		{7A84A11E-568E-4877-8BAA-7B21A43EB846}.Debug|Any CPU.Build.0 = Debug|Any CPU
		{7A84A11E-568E-4877-8BAA-7B21A43EB846}.Release|Any CPU.ActiveCfg = Release|Any CPU
		{7A84A11E-568E-4877-8BAA-7B21A43EB846}.Release|Any CPU.Build.0 = Release|Any CPU
		{9ABA6B7B-B424-4578-9941-4792F67D46C2}.Debug|Any CPU.ActiveCfg = Debug|Any CPU
		{9ABA6B7B-B424-4578-9941-4792F67D46C2}.Debug|Any CPU.Build.0 = Debug|Any CPU
		{9ABA6B7B-B424-4578-9941-4792F67D46C2}.Release|Any CPU.ActiveCfg = Release|Any CPU
		{9ABA6B7B-B424-4578-9941-4792F67D46C2}.Release|Any CPU.Build.0 = Release|Any CPU
		{158677C6-AE65-43DF-B30F-2E2577EA9B6E}.Debug|Any CPU.ActiveCfg = Debug|Any CPU
		{158677C6-AE65-43DF-B30F-2E2577EA9B6E}.Debug|Any CPU.Build.0 = Debug|Any CPU
		{158677C6-AE65-43DF-B30F-2E2577EA9B6E}.Release|Any CPU.ActiveCfg = Release|Any CPU
		{158677C6-AE65-43DF-B30F-2E2577EA9B6E}.Release|Any CPU.Build.0 = Release|Any CPU
		{8C902BE0-185E-41CE-A0A7-56446E064915}.Debug|Any CPU.ActiveCfg = Debug|Any CPU
		{8C902BE0-185E-41CE-A0A7-56446E064915}.Debug|Any CPU.Build.0 = Debug|Any CPU
		{8C902BE0-185E-41CE-A0A7-56446E064915}.Release|Any CPU.ActiveCfg = Release|Any CPU
		{8C902BE0-185E-41CE-A0A7-56446E064915}.Release|Any CPU.Build.0 = Release|Any CPU
	EndGlobalSection
	GlobalSection(SolutionProperties) = preSolution
		HideSolutionNode = FALSE
	EndGlobalSection
	GlobalSection(ExtensibilityGlobals) = postSolution
		SolutionGuid = {6C44BB0D-CEC3-4CE9-9105-33CD79F59873}
	EndGlobalSection
EndGlobal
