
Microsoft Visual Studio Solution File, Format Version 12.00
# Visual Studio Version 17
VisualStudioVersion = 17.10.35027.167
MinimumVisualStudioVersion = 10.0.40219.1
Project("{FAE04EC0-301F-11D3-BF4B-00C04F79EFBC}") = "Section_25_LINQ", "Section_25_LINQ.csproj", "{85AD0808-8E03-4D2B-9481-0A9FF3723F3D}"
EndProject
Project("{FAE04EC0-301F-11D3-BF4B-00C04F79EFBC}") = "OrderBy", "OrderBy\OrderBy.csproj", "{90661037-99BE-4D76-A24C-4EDFDE09BF4A}"
EndProject
Project("{FAE04EC0-301F-11D3-BF4B-00C04F79EFBC}") = "First_and_FirstOrDefault", "First_and_FirstOrDefault\First_and_FirstOrDefault.csproj", "{FBB0C9C8-3C3C-4AA8-91DB-5195642F248B}"
EndProject
Project("{FAE04EC0-301F-11D3-BF4B-00C04F79EFBC}") = "Last_and_LastOrDefault", "Last_and_LastOrDefault\Last_and_LastOrDefault.csproj", "{405E0C0F-C6E0-433E-B884-E90C779B998C}"
EndProject
Project("{FAE04EC0-301F-11D3-BF4B-00C04F79EFBC}") = "ElementAt_and_ElementAt_Or_Default", "ElementAt_and_ElementAt_Or_Default\ElementAt_and_ElementAt_Or_Default.csproj", "{88EC50D9-DB50-4674-A338-2E7F70981EA3}"
EndProject
Project("{FAE04EC0-301F-11D3-BF4B-00C04F79EFBC}") = "Single_and_SingleOrDefault", "Single_and_SingleOrDefault\Single_and_SingleOrDefault.csproj", "{765CB432-AAE9-4C0C-AA90-187546DAD877}"
EndProject
Global
	GlobalSection(SolutionConfigurationPlatforms) = preSolution
		Debug|Any CPU = Debug|Any CPU
		Release|Any CPU = Release|Any CPU
	EndGlobalSection
	GlobalSection(ProjectConfigurationPlatforms) = postSolution
		{85AD0808-8E03-4D2B-9481-0A9FF3723F3D}.Debug|Any CPU.ActiveCfg = Debug|Any CPU
		{85AD0808-8E03-4D2B-9481-0A9FF3723F3D}.Debug|Any CPU.Build.0 = Debug|Any CPU
		{85AD0808-8E03-4D2B-9481-0A9FF3723F3D}.Release|Any CPU.ActiveCfg = Release|Any CPU
		{85AD0808-8E03-4D2B-9481-0A9FF3723F3D}.Release|Any CPU.Build.0 = Release|Any CPU
		{90661037-99BE-4D76-A24C-4EDFDE09BF4A}.Debug|Any CPU.ActiveCfg = Debug|Any CPU
		{90661037-99BE-4D76-A24C-4EDFDE09BF4A}.Debug|Any CPU.Build.0 = Debug|Any CPU
		{90661037-99BE-4D76-A24C-4EDFDE09BF4A}.Release|Any CPU.ActiveCfg = Release|Any CPU
		{90661037-99BE-4D76-A24C-4EDFDE09BF4A}.Release|Any CPU.Build.0 = Release|Any CPU
		{FBB0C9C8-3C3C-4AA8-91DB-5195642F248B}.Debug|Any CPU.ActiveCfg = Debug|Any CPU
		{FBB0C9C8-3C3C-4AA8-91DB-5195642F248B}.Debug|Any CPU.Build.0 = Debug|Any CPU
		{FBB0C9C8-3C3C-4AA8-91DB-5195642F248B}.Release|Any CPU.ActiveCfg = Release|Any CPU
		{FBB0C9C8-3C3C-4AA8-91DB-5195642F248B}.Release|Any CPU.Build.0 = Release|Any CPU
		{405E0C0F-C6E0-433E-B884-E90C779B998C}.Debug|Any CPU.ActiveCfg = Debug|Any CPU
		{405E0C0F-C6E0-433E-B884-E90C779B998C}.Debug|Any CPU.Build.0 = Debug|Any CPU
		{405E0C0F-C6E0-433E-B884-E90C779B998C}.Release|Any CPU.ActiveCfg = Release|Any CPU
		{405E0C0F-C6E0-433E-B884-E90C779B998C}.Release|Any CPU.Build.0 = Release|Any CPU
		{88EC50D9-DB50-4674-A338-2E7F70981EA3}.Debug|Any CPU.ActiveCfg = Debug|Any CPU
		{88EC50D9-DB50-4674-A338-2E7F70981EA3}.Debug|Any CPU.Build.0 = Debug|Any CPU
		{88EC50D9-DB50-4674-A338-2E7F70981EA3}.Release|Any CPU.ActiveCfg = Release|Any CPU
		{88EC50D9-DB50-4674-A338-2E7F70981EA3}.Release|Any CPU.Build.0 = Release|Any CPU
		{765CB432-AAE9-4C0C-AA90-187546DAD877}.Debug|Any CPU.ActiveCfg = Debug|Any CPU
		{765CB432-AAE9-4C0C-AA90-187546DAD877}.Debug|Any CPU.Build.0 = Debug|Any CPU
		{765CB432-AAE9-4C0C-AA90-187546DAD877}.Release|Any CPU.ActiveCfg = Release|Any CPU
		{765CB432-AAE9-4C0C-AA90-187546DAD877}.Release|Any CPU.Build.0 = Release|Any CPU
	EndGlobalSection
	GlobalSection(SolutionProperties) = preSolution
		HideSolutionNode = FALSE
	EndGlobalSection
	GlobalSection(ExtensibilityGlobals) = postSolution
		SolutionGuid = {329A7304-CA72-4A03-B6ED-432A977A4581}
	EndGlobalSection
EndGlobal
