
Microsoft Visual Studio Solution File, Format Version 12.00
# Visual Studio Version 17
VisualStudioVersion = 17.10.35027.167
MinimumVisualStudioVersion = 10.0.40219.1
Project("{FAE04EC0-301F-11D3-BF4B-00C04F79EFBC}") = "Section_16_Generics", "Section_16_Generics.csproj", "{AFC0ED41-7E6C-4E42-8970-920F57900E67}"
EndProject
Project("{FAE04EC0-301F-11D3-BF4B-00C04F79EFBC}") = "ClassLibrary1", "ClassLibrary1\ClassLibrary1.csproj", "{52176093-8816-4AE8-A0EA-89751332B81C}"
EndProject
Project("{FAE04EC0-301F-11D3-BF4B-00C04F79EFBC}") = "Generic_Constraints", "Generic_Constraints\Generic_Constraints.csproj", "{0C8C99DA-463A-430B-9D0A-1131CF656150}"
EndProject
Project("{FAE04EC0-301F-11D3-BF4B-00C04F79EFBC}") = "Generic_Constraints_Class_Library", "Generic_Constraints_Class_Library\Generic_Constraints_Class_Library.csproj", "{28B200F9-28D4-4533-857E-7DA22BE7AA67}"
EndProject
Global
	GlobalSection(SolutionConfigurationPlatforms) = preSolution
		Debug|Any CPU = Debug|Any CPU
		Release|Any CPU = Release|Any CPU
	EndGlobalSection
	GlobalSection(ProjectConfigurationPlatforms) = postSolution
		{AFC0ED41-7E6C-4E42-8970-920F57900E67}.Debug|Any CPU.ActiveCfg = Debug|Any CPU
		{AFC0ED41-7E6C-4E42-8970-920F57900E67}.Debug|Any CPU.Build.0 = Debug|Any CPU
		{AFC0ED41-7E6C-4E42-8970-920F57900E67}.Release|Any CPU.ActiveCfg = Release|Any CPU
		{AFC0ED41-7E6C-4E42-8970-920F57900E67}.Release|Any CPU.Build.0 = Release|Any CPU
		{52176093-8816-4AE8-A0EA-89751332B81C}.Debug|Any CPU.ActiveCfg = Debug|Any CPU
		{52176093-8816-4AE8-A0EA-89751332B81C}.Debug|Any CPU.Build.0 = Debug|Any CPU
		{52176093-8816-4AE8-A0EA-89751332B81C}.Release|Any CPU.ActiveCfg = Release|Any CPU
		{52176093-8816-4AE8-A0EA-89751332B81C}.Release|Any CPU.Build.0 = Release|Any CPU
		{0C8C99DA-463A-430B-9D0A-1131CF656150}.Debug|Any CPU.ActiveCfg = Debug|Any CPU
		{0C8C99DA-463A-430B-9D0A-1131CF656150}.Debug|Any CPU.Build.0 = Debug|Any CPU
		{0C8C99DA-463A-430B-9D0A-1131CF656150}.Release|Any CPU.ActiveCfg = Release|Any CPU
		{0C8C99DA-463A-430B-9D0A-1131CF656150}.Release|Any CPU.Build.0 = Release|Any CPU
		{28B200F9-28D4-4533-857E-7DA22BE7AA67}.Debug|Any CPU.ActiveCfg = Debug|Any CPU
		{28B200F9-28D4-4533-857E-7DA22BE7AA67}.Debug|Any CPU.Build.0 = Debug|Any CPU
		{28B200F9-28D4-4533-857E-7DA22BE7AA67}.Release|Any CPU.ActiveCfg = Release|Any CPU
		{28B200F9-28D4-4533-857E-7DA22BE7AA67}.Release|Any CPU.Build.0 = Release|Any CPU
	EndGlobalSection
	GlobalSection(SolutionProperties) = preSolution
		HideSolutionNode = FALSE
	EndGlobalSection
	GlobalSection(ExtensibilityGlobals) = postSolution
		SolutionGuid = {C9E7B959-03CA-4237-9C69-14C2460C72F7}
	EndGlobalSection
EndGlobal
