
Microsoft Visual Studio Solution File, Format Version 12.00
# Visual Studio Version 17
VisualStudioVersion = 17.10.35027.167
MinimumVisualStudioVersion = 10.0.40219.1
Project("{FAE04EC0-301F-11D3-BF4B-00C04F79EFBC}") = "Section_27_IO_Serialization_Encoding", "Section_27_IO_Serialization_Encoding.csproj", "{5B70E409-4BEA-414C-BDD0-11422A58C1F6}"
EndProject
Project("{FAE04EC0-301F-11D3-BF4B-00C04F79EFBC}") = "Octal_Number_System", "Octal_Number_System\Octal_Number_System.csproj", "{AE1E53DE-23BA-4C88-B9DA-14B24D95166C}"
EndProject
Project("{FAE04EC0-301F-11D3-BF4B-00C04F79EFBC}") = "HexaDecimalNumberSystem", "HexaDecimalNumberSystem\HexaDecimalNumberSystem.csproj", "{97BD6BBD-38F7-4684-B8E2-0F7FB0770B85}"
EndProject
Project("{FAE04EC0-301F-11D3-BF4B-00C04F79EFBC}") = "Ascii_Character_Encoding", "Ascii_Character_Encoding\Ascii_Character_Encoding.csproj", "{FB2E88E8-2D7C-4EAE-BED3-F0068AB16A82}"
EndProject
Project("{FAE04EC0-301F-11D3-BF4B-00C04F79EFBC}") = "UniCode_Character_Encoding", "UniCode_Character_Encodiing\UniCode_Character_Encoding.csproj", "{2DEEEC75-694C-41C1-AEB6-FD1ACAF24836}"
EndProject
Project("{FAE04EC0-301F-11D3-BF4B-00C04F79EFBC}") = "File_Class", "File_Class\File_Class.csproj", "{70F36D8E-8A8F-4FB8-ACAD-422C7D9BFB5D}"
EndProject
Project("{FAE04EC0-301F-11D3-BF4B-00C04F79EFBC}") = "File_Class_Read_and_Write", "File_Class_Read_and_Write\File_Class_Read_and_Write.csproj", "{1886A60A-2E87-41E1-A601-03F573C53F75}"
EndProject
Project("{FAE04EC0-301F-11D3-BF4B-00C04F79EFBC}") = "FileInfo_Class", "FileInfo\FileInfo_Class.csproj", "{54C794CE-3CC7-4555-8F82-829B26729EA2}"
EndProject
Project("{FAE04EC0-301F-11D3-BF4B-00C04F79EFBC}") = "Directory_Info_Class_Properties", "Directory_Info_Class_Properties\Directory_Info_Class_Properties.csproj", "{7A24E067-D4F4-4AD4-9225-9BE3CAFFCEFA}"
EndProject
Project("{FAE04EC0-301F-11D3-BF4B-00C04F79EFBC}") = "DriveInfo_Class", "DriveInfo_Class\DriveInfo_Class.csproj", "{72E57AE0-2EB2-4358-8280-DCA8FBA2DD29}"
EndProject
Project("{FAE04EC0-301F-11D3-BF4B-00C04F79EFBC}") = "FileStream_Class", "FileStream_Class\FileStream_Class.csproj", "{0600A701-15A5-4CFF-B2A7-008419A981AD}"
EndProject
Project("{FAE04EC0-301F-11D3-BF4B-00C04F79EFBC}") = "StreamWriter_and_StreamReader", "StreamWriter_and_StreamReader\StreamWriter_and_StreamReader.csproj", "{9FA5E89B-08CD-483E-BBCA-85480B27637D}"
EndProject
Project("{FAE04EC0-301F-11D3-BF4B-00C04F79EFBC}") = "BInaryWriter_and_BinaryReader", "BInaryWriter_and_BinaryReader\BInaryWriter_and_BinaryReader.csproj", "{8E0ADCC6-ABD9-49F5-A741-9632AA79899F}"
EndProject
Global
	GlobalSection(SolutionConfigurationPlatforms) = preSolution
		Debug|Any CPU = Debug|Any CPU
		Release|Any CPU = Release|Any CPU
	EndGlobalSection
	GlobalSection(ProjectConfigurationPlatforms) = postSolution
		{5B70E409-4BEA-414C-BDD0-11422A58C1F6}.Debug|Any CPU.ActiveCfg = Debug|Any CPU
		{5B70E409-4BEA-414C-BDD0-11422A58C1F6}.Debug|Any CPU.Build.0 = Debug|Any CPU
		{5B70E409-4BEA-414C-BDD0-11422A58C1F6}.Release|Any CPU.ActiveCfg = Release|Any CPU
		{5B70E409-4BEA-414C-BDD0-11422A58C1F6}.Release|Any CPU.Build.0 = Release|Any CPU
		{AE1E53DE-23BA-4C88-B9DA-14B24D95166C}.Debug|Any CPU.ActiveCfg = Debug|Any CPU
		{AE1E53DE-23BA-4C88-B9DA-14B24D95166C}.Debug|Any CPU.Build.0 = Debug|Any CPU
		{AE1E53DE-23BA-4C88-B9DA-14B24D95166C}.Release|Any CPU.ActiveCfg = Release|Any CPU
		{AE1E53DE-23BA-4C88-B9DA-14B24D95166C}.Release|Any CPU.Build.0 = Release|Any CPU
		{97BD6BBD-38F7-4684-B8E2-0F7FB0770B85}.Debug|Any CPU.ActiveCfg = Debug|Any CPU
		{97BD6BBD-38F7-4684-B8E2-0F7FB0770B85}.Debug|Any CPU.Build.0 = Debug|Any CPU
		{97BD6BBD-38F7-4684-B8E2-0F7FB0770B85}.Release|Any CPU.ActiveCfg = Release|Any CPU
		{97BD6BBD-38F7-4684-B8E2-0F7FB0770B85}.Release|Any CPU.Build.0 = Release|Any CPU
		{FB2E88E8-2D7C-4EAE-BED3-F0068AB16A82}.Debug|Any CPU.ActiveCfg = Debug|Any CPU
		{FB2E88E8-2D7C-4EAE-BED3-F0068AB16A82}.Debug|Any CPU.Build.0 = Debug|Any CPU
		{FB2E88E8-2D7C-4EAE-BED3-F0068AB16A82}.Release|Any CPU.ActiveCfg = Release|Any CPU
		{FB2E88E8-2D7C-4EAE-BED3-F0068AB16A82}.Release|Any CPU.Build.0 = Release|Any CPU
		{2DEEEC75-694C-41C1-AEB6-FD1ACAF24836}.Debug|Any CPU.ActiveCfg = Debug|Any CPU
		{2DEEEC75-694C-41C1-AEB6-FD1ACAF24836}.Debug|Any CPU.Build.0 = Debug|Any CPU
		{2DEEEC75-694C-41C1-AEB6-FD1ACAF24836}.Release|Any CPU.ActiveCfg = Release|Any CPU
		{2DEEEC75-694C-41C1-AEB6-FD1ACAF24836}.Release|Any CPU.Build.0 = Release|Any CPU
		{70F36D8E-8A8F-4FB8-ACAD-422C7D9BFB5D}.Debug|Any CPU.ActiveCfg = Debug|Any CPU
		{70F36D8E-8A8F-4FB8-ACAD-422C7D9BFB5D}.Debug|Any CPU.Build.0 = Debug|Any CPU
		{70F36D8E-8A8F-4FB8-ACAD-422C7D9BFB5D}.Release|Any CPU.ActiveCfg = Release|Any CPU
		{70F36D8E-8A8F-4FB8-ACAD-422C7D9BFB5D}.Release|Any CPU.Build.0 = Release|Any CPU
		{1886A60A-2E87-41E1-A601-03F573C53F75}.Debug|Any CPU.ActiveCfg = Debug|Any CPU
		{1886A60A-2E87-41E1-A601-03F573C53F75}.Debug|Any CPU.Build.0 = Debug|Any CPU
		{1886A60A-2E87-41E1-A601-03F573C53F75}.Release|Any CPU.ActiveCfg = Release|Any CPU
		{1886A60A-2E87-41E1-A601-03F573C53F75}.Release|Any CPU.Build.0 = Release|Any CPU
		{54C794CE-3CC7-4555-8F82-829B26729EA2}.Debug|Any CPU.ActiveCfg = Debug|Any CPU
		{54C794CE-3CC7-4555-8F82-829B26729EA2}.Debug|Any CPU.Build.0 = Debug|Any CPU
		{54C794CE-3CC7-4555-8F82-829B26729EA2}.Release|Any CPU.ActiveCfg = Release|Any CPU
		{54C794CE-3CC7-4555-8F82-829B26729EA2}.Release|Any CPU.Build.0 = Release|Any CPU
		{7A24E067-D4F4-4AD4-9225-9BE3CAFFCEFA}.Debug|Any CPU.ActiveCfg = Debug|Any CPU
		{7A24E067-D4F4-4AD4-9225-9BE3CAFFCEFA}.Debug|Any CPU.Build.0 = Debug|Any CPU
		{7A24E067-D4F4-4AD4-9225-9BE3CAFFCEFA}.Release|Any CPU.ActiveCfg = Release|Any CPU
		{7A24E067-D4F4-4AD4-9225-9BE3CAFFCEFA}.Release|Any CPU.Build.0 = Release|Any CPU
		{72E57AE0-2EB2-4358-8280-DCA8FBA2DD29}.Debug|Any CPU.ActiveCfg = Debug|Any CPU
		{72E57AE0-2EB2-4358-8280-DCA8FBA2DD29}.Debug|Any CPU.Build.0 = Debug|Any CPU
		{72E57AE0-2EB2-4358-8280-DCA8FBA2DD29}.Release|Any CPU.ActiveCfg = Release|Any CPU
		{72E57AE0-2EB2-4358-8280-DCA8FBA2DD29}.Release|Any CPU.Build.0 = Release|Any CPU
		{0600A701-15A5-4CFF-B2A7-008419A981AD}.Debug|Any CPU.ActiveCfg = Debug|Any CPU
		{0600A701-15A5-4CFF-B2A7-008419A981AD}.Debug|Any CPU.Build.0 = Debug|Any CPU
		{0600A701-15A5-4CFF-B2A7-008419A981AD}.Release|Any CPU.ActiveCfg = Release|Any CPU
		{0600A701-15A5-4CFF-B2A7-008419A981AD}.Release|Any CPU.Build.0 = Release|Any CPU
		{9FA5E89B-08CD-483E-BBCA-85480B27637D}.Debug|Any CPU.ActiveCfg = Debug|Any CPU
		{9FA5E89B-08CD-483E-BBCA-85480B27637D}.Debug|Any CPU.Build.0 = Debug|Any CPU
		{9FA5E89B-08CD-483E-BBCA-85480B27637D}.Release|Any CPU.ActiveCfg = Release|Any CPU
		{9FA5E89B-08CD-483E-BBCA-85480B27637D}.Release|Any CPU.Build.0 = Release|Any CPU
		{8E0ADCC6-ABD9-49F5-A741-9632AA79899F}.Debug|Any CPU.ActiveCfg = Debug|Any CPU
		{8E0ADCC6-ABD9-49F5-A741-9632AA79899F}.Debug|Any CPU.Build.0 = Debug|Any CPU
		{8E0ADCC6-ABD9-49F5-A741-9632AA79899F}.Release|Any CPU.ActiveCfg = Release|Any CPU
		{8E0ADCC6-ABD9-49F5-A741-9632AA79899F}.Release|Any CPU.Build.0 = Release|Any CPU
	EndGlobalSection
	GlobalSection(SolutionProperties) = preSolution
		HideSolutionNode = FALSE
	EndGlobalSection
	GlobalSection(ExtensibilityGlobals) = postSolution
		SolutionGuid = {A31B84AC-AB67-4B9C-9433-97A54C53A42A}
	EndGlobalSection
EndGlobal
