
Microsoft Visual Studio Solution File, Format Version 12.00
# Visual Studio Version 17
VisualStudioVersion = 17.10.35027.167
MinimumVisualStudioVersion = 10.0.40219.1
Project("{FAE04EC0-301F-11D3-BF4B-00C04F79EFBC}") = "Section_27_IO_Serialization_Encoding", "Section_27_IO_Serialization_Encoding.csproj", "{5B70E409-4BEA-414C-BDD0-11422A58C1F6}"
EndProject
Project("{FAE04EC0-301F-11D3-BF4B-00C04F79EFBC}") = "Octal_Number_System", "Octal_Number_System\Octal_Number_System.csproj", "{AE1E53DE-23BA-4C88-B9DA-14B24D95166C}"
EndProject
Project("{FAE04EC0-301F-11D3-BF4B-00C04F79EFBC}") = "HexaDecimalNumberSystem", "HexaDecimalNumberSystem\HexaDecimalNumberSystem.csproj", "{97BD6BBD-38F7-4684-B8E2-0F7FB0770B85}"
EndProject
Project("{FAE04EC0-301F-11D3-BF4B-00C04F79EFBC}") = "Ascii_Character_Encoding", "Ascii_Character_Encoding\Ascii_Character_Encoding.csproj", "{FB2E88E8-2D7C-4EAE-BED3-F0068AB16A82}"
EndProject
Global
	GlobalSection(SolutionConfigurationPlatforms) = preSolution
		Debug|Any CPU = Debug|Any CPU
		Release|Any CPU = Release|Any CPU
	EndGlobalSection
	GlobalSection(ProjectConfigurationPlatforms) = postSolution
		{5B70E409-4BEA-414C-BDD0-11422A58C1F6}.Debug|Any CPU.ActiveCfg = Debug|Any CPU
		{5B70E409-4BEA-414C-BDD0-11422A58C1F6}.Debug|Any CPU.Build.0 = Debug|Any CPU
		{5B70E409-4BEA-414C-BDD0-11422A58C1F6}.Release|Any CPU.ActiveCfg = Release|Any CPU
		{5B70E409-4BEA-414C-BDD0-11422A58C1F6}.Release|Any CPU.Build.0 = Release|Any CPU
		{AE1E53DE-23BA-4C88-B9DA-14B24D95166C}.Debug|Any CPU.ActiveCfg = Debug|Any CPU
		{AE1E53DE-23BA-4C88-B9DA-14B24D95166C}.Debug|Any CPU.Build.0 = Debug|Any CPU
		{AE1E53DE-23BA-4C88-B9DA-14B24D95166C}.Release|Any CPU.ActiveCfg = Release|Any CPU
		{AE1E53DE-23BA-4C88-B9DA-14B24D95166C}.Release|Any CPU.Build.0 = Release|Any CPU
		{97BD6BBD-38F7-4684-B8E2-0F7FB0770B85}.Debug|Any CPU.ActiveCfg = Debug|Any CPU
		{97BD6BBD-38F7-4684-B8E2-0F7FB0770B85}.Debug|Any CPU.Build.0 = Debug|Any CPU
		{97BD6BBD-38F7-4684-B8E2-0F7FB0770B85}.Release|Any CPU.ActiveCfg = Release|Any CPU
		{97BD6BBD-38F7-4684-B8E2-0F7FB0770B85}.Release|Any CPU.Build.0 = Release|Any CPU
		{FB2E88E8-2D7C-4EAE-BED3-F0068AB16A82}.Debug|Any CPU.ActiveCfg = Debug|Any CPU
		{FB2E88E8-2D7C-4EAE-BED3-F0068AB16A82}.Debug|Any CPU.Build.0 = Debug|Any CPU
		{FB2E88E8-2D7C-4EAE-BED3-F0068AB16A82}.Release|Any CPU.ActiveCfg = Release|Any CPU
		{FB2E88E8-2D7C-4EAE-BED3-F0068AB16A82}.Release|Any CPU.Build.0 = Release|Any CPU
	EndGlobalSection
	GlobalSection(SolutionProperties) = preSolution
		HideSolutionNode = FALSE
	EndGlobalSection
	GlobalSection(ExtensibilityGlobals) = postSolution
		SolutionGuid = {A31B84AC-AB67-4B9C-9433-97A54C53A42A}
	EndGlobalSection
EndGlobal
