
Microsoft Visual Studio Solution File, Format Version 12.00
# Visual Studio Version 17
VisualStudioVersion = 17.10.35027.167
MinimumVisualStudioVersion = 10.0.40219.1
Project("{FAE04EC0-301F-11D3-BF4B-00C04F79EFBC}") = "Section_22_Collections", "Section_22_Collections.csproj", "{41EE64DE-3CA9-4AD5-96DF-62394880138E}"
EndProject
Project("{FAE04EC0-301F-11D3-BF4B-00C04F79EFBC}") = "IndexOf_Binary_Search_Contains_ConsoleApp", "IndexOf_Binary_Search_Contains_ConsoleApp\IndexOf_Binary_Search_Contains_ConsoleApp.csproj", "{0CE2E364-6B7A-4230-923E-EECD06DC88D2}"
EndProject
Project("{FAE04EC0-301F-11D3-BF4B-00C04F79EFBC}") = "Sort_Reverse_ConsoleApp", "Sort_Reverse_ConsoleApp\Sort_Reverse_ConsoleApp.csproj", "{84774B81-1D0B-4855-8F69-26F118B023E1}"
EndProject
Project("{FAE04EC0-301F-11D3-BF4B-00C04F79EFBC}") = "Dictionary", "Dictionary\Dictionary.csproj", "{3D94230D-B8BC-4322-85CE-C9F066F16731}"
EndProject
Project("{FAE04EC0-301F-11D3-BF4B-00C04F79EFBC}") = "SortedList", "SortedList\SortedList.csproj", "{7400A907-CD7B-4A97-8201-933D79CBBB1D}"
EndProject
Project("{FAE04EC0-301F-11D3-BF4B-00C04F79EFBC}") = "HashTable", "HashTable\HashTable.csproj", "{F8E410BE-63DD-479C-8A63-9A9512A6DC02}"
EndProject
Project("{FAE04EC0-301F-11D3-BF4B-00C04F79EFBC}") = "HashSet", "HashSet\HashSet.csproj", "{6CFB46BF-AB96-4380-B3D8-0113AEF91B86}"
EndProject
Project("{FAE04EC0-301F-11D3-BF4B-00C04F79EFBC}") = "ArrayList", "ArrayList\ArrayList.csproj", "{E83A8F3C-F512-40B2-9C4D-4E24BBFD2378}"
EndProject
Project("{FAE04EC0-301F-11D3-BF4B-00C04F79EFBC}") = "Stack", "Stack\Stack.csproj", "{1C760354-3962-499F-9F57-86CB34292F3B}"
EndProject
Project("{FAE04EC0-301F-11D3-BF4B-00C04F79EFBC}") = "Queue", "Queue\Queue.csproj", "{5EBD17C5-CC73-4FC7-8C81-47A9A6968748}"
EndProject
Project("{FAE04EC0-301F-11D3-BF4B-00C04F79EFBC}") = "Collection_of_Objects_ConsoleApp", "Collection_of_Objects_ConsoleApp\Collection_of_Objects_ConsoleApp.csproj", "{75C55DE8-5906-4533-9A3C-BC845D743967}"
EndProject
Global
	GlobalSection(SolutionConfigurationPlatforms) = preSolution
		Debug|Any CPU = Debug|Any CPU
		Release|Any CPU = Release|Any CPU
	EndGlobalSection
	GlobalSection(ProjectConfigurationPlatforms) = postSolution
		{41EE64DE-3CA9-4AD5-96DF-62394880138E}.Debug|Any CPU.ActiveCfg = Debug|Any CPU
		{41EE64DE-3CA9-4AD5-96DF-62394880138E}.Debug|Any CPU.Build.0 = Debug|Any CPU
		{41EE64DE-3CA9-4AD5-96DF-62394880138E}.Release|Any CPU.ActiveCfg = Release|Any CPU
		{41EE64DE-3CA9-4AD5-96DF-62394880138E}.Release|Any CPU.Build.0 = Release|Any CPU
		{0CE2E364-6B7A-4230-923E-EECD06DC88D2}.Debug|Any CPU.ActiveCfg = Debug|Any CPU
		{0CE2E364-6B7A-4230-923E-EECD06DC88D2}.Debug|Any CPU.Build.0 = Debug|Any CPU
		{0CE2E364-6B7A-4230-923E-EECD06DC88D2}.Release|Any CPU.ActiveCfg = Release|Any CPU
		{0CE2E364-6B7A-4230-923E-EECD06DC88D2}.Release|Any CPU.Build.0 = Release|Any CPU
		{84774B81-1D0B-4855-8F69-26F118B023E1}.Debug|Any CPU.ActiveCfg = Debug|Any CPU
		{84774B81-1D0B-4855-8F69-26F118B023E1}.Debug|Any CPU.Build.0 = Debug|Any CPU
		{84774B81-1D0B-4855-8F69-26F118B023E1}.Release|Any CPU.ActiveCfg = Release|Any CPU
		{84774B81-1D0B-4855-8F69-26F118B023E1}.Release|Any CPU.Build.0 = Release|Any CPU
		{3D94230D-B8BC-4322-85CE-C9F066F16731}.Debug|Any CPU.ActiveCfg = Debug|Any CPU
		{3D94230D-B8BC-4322-85CE-C9F066F16731}.Debug|Any CPU.Build.0 = Debug|Any CPU
		{3D94230D-B8BC-4322-85CE-C9F066F16731}.Release|Any CPU.ActiveCfg = Release|Any CPU
		{3D94230D-B8BC-4322-85CE-C9F066F16731}.Release|Any CPU.Build.0 = Release|Any CPU
		{7400A907-CD7B-4A97-8201-933D79CBBB1D}.Debug|Any CPU.ActiveCfg = Debug|Any CPU
		{7400A907-CD7B-4A97-8201-933D79CBBB1D}.Debug|Any CPU.Build.0 = Debug|Any CPU
		{7400A907-CD7B-4A97-8201-933D79CBBB1D}.Release|Any CPU.ActiveCfg = Release|Any CPU
		{7400A907-CD7B-4A97-8201-933D79CBBB1D}.Release|Any CPU.Build.0 = Release|Any CPU
		{F8E410BE-63DD-479C-8A63-9A9512A6DC02}.Debug|Any CPU.ActiveCfg = Debug|Any CPU
		{F8E410BE-63DD-479C-8A63-9A9512A6DC02}.Debug|Any CPU.Build.0 = Debug|Any CPU
		{F8E410BE-63DD-479C-8A63-9A9512A6DC02}.Release|Any CPU.ActiveCfg = Release|Any CPU
		{F8E410BE-63DD-479C-8A63-9A9512A6DC02}.Release|Any CPU.Build.0 = Release|Any CPU
		{6CFB46BF-AB96-4380-B3D8-0113AEF91B86}.Debug|Any CPU.ActiveCfg = Debug|Any CPU
		{6CFB46BF-AB96-4380-B3D8-0113AEF91B86}.Debug|Any CPU.Build.0 = Debug|Any CPU
		{6CFB46BF-AB96-4380-B3D8-0113AEF91B86}.Release|Any CPU.ActiveCfg = Release|Any CPU
		{6CFB46BF-AB96-4380-B3D8-0113AEF91B86}.Release|Any CPU.Build.0 = Release|Any CPU
		{E83A8F3C-F512-40B2-9C4D-4E24BBFD2378}.Debug|Any CPU.ActiveCfg = Debug|Any CPU
		{E83A8F3C-F512-40B2-9C4D-4E24BBFD2378}.Debug|Any CPU.Build.0 = Debug|Any CPU
		{E83A8F3C-F512-40B2-9C4D-4E24BBFD2378}.Release|Any CPU.ActiveCfg = Release|Any CPU
		{E83A8F3C-F512-40B2-9C4D-4E24BBFD2378}.Release|Any CPU.Build.0 = Release|Any CPU
		{1C760354-3962-499F-9F57-86CB34292F3B}.Debug|Any CPU.ActiveCfg = Debug|Any CPU
		{1C760354-3962-499F-9F57-86CB34292F3B}.Debug|Any CPU.Build.0 = Debug|Any CPU
		{1C760354-3962-499F-9F57-86CB34292F3B}.Release|Any CPU.ActiveCfg = Release|Any CPU
		{1C760354-3962-499F-9F57-86CB34292F3B}.Release|Any CPU.Build.0 = Release|Any CPU
		{5EBD17C5-CC73-4FC7-8C81-47A9A6968748}.Debug|Any CPU.ActiveCfg = Debug|Any CPU
		{5EBD17C5-CC73-4FC7-8C81-47A9A6968748}.Debug|Any CPU.Build.0 = Debug|Any CPU
		{5EBD17C5-CC73-4FC7-8C81-47A9A6968748}.Release|Any CPU.ActiveCfg = Release|Any CPU
		{5EBD17C5-CC73-4FC7-8C81-47A9A6968748}.Release|Any CPU.Build.0 = Release|Any CPU
		{75C55DE8-5906-4533-9A3C-BC845D743967}.Debug|Any CPU.ActiveCfg = Debug|Any CPU
		{75C55DE8-5906-4533-9A3C-BC845D743967}.Debug|Any CPU.Build.0 = Debug|Any CPU
		{75C55DE8-5906-4533-9A3C-BC845D743967}.Release|Any CPU.ActiveCfg = Release|Any CPU
		{75C55DE8-5906-4533-9A3C-BC845D743967}.Release|Any CPU.Build.0 = Release|Any CPU
	EndGlobalSection
	GlobalSection(SolutionProperties) = preSolution
		HideSolutionNode = FALSE
	EndGlobalSection
	GlobalSection(ExtensibilityGlobals) = postSolution
		SolutionGuid = {31A38B25-8EF2-49CA-B99E-A843E0A7693A}
	EndGlobalSection
EndGlobal
