
Microsoft Visual Studio Solution File, Format Version 12.00
# Visual Studio Version 17
VisualStudioVersion = 17.10.35027.167
MinimumVisualStudioVersion = 10.0.40219.1
Project("{FAE04EC0-301F-11D3-BF4B-00C04F79EFBC}") = "Section_22_Collections", "Section_22_Collections.csproj", "{41EE64DE-3CA9-4AD5-96DF-62394880138E}"
EndProject
Project("{FAE04EC0-301F-11D3-BF4B-00C04F79EFBC}") = "IndexOf_Binary_Search_Contains_ConsoleApp", "IndexOf_Binary_Search_Contains_ConsoleApp\IndexOf_Binary_Search_Contains_ConsoleApp.csproj", "{0CE2E364-6B7A-4230-923E-EECD06DC88D2}"
EndProject
Project("{FAE04EC0-301F-11D3-BF4B-00C04F79EFBC}") = "Sort_Reverse_ConsoleApp", "Sort_Reverse_ConsoleApp\Sort_Reverse_ConsoleApp.csproj", "{84774B81-1D0B-4855-8F69-26F118B023E1}"
EndProject
Project("{FAE04EC0-301F-11D3-BF4B-00C04F79EFBC}") = "Dictionary", "Dictionary\Dictionary.csproj", "{3D94230D-B8BC-4322-85CE-C9F066F16731}"
EndProject
Project("{FAE04EC0-301F-11D3-BF4B-00C04F79EFBC}") = "SortedList", "SortedList\SortedList.csproj", "{7400A907-CD7B-4A97-8201-933D79CBBB1D}"
EndProject
Project("{FAE04EC0-301F-11D3-BF4B-00C04F79EFBC}") = "HashTable", "HashTable\HashTable.csproj", "{F8E410BE-63DD-479C-8A63-9A9512A6DC02}"
EndProject
Project("{FAE04EC0-301F-11D3-BF4B-00C04F79EFBC}") = "HashSet", "HashSet\HashSet.csproj", "{6CFB46BF-AB96-4380-B3D8-0113AEF91B86}"
EndProject
Project("{FAE04EC0-301F-11D3-BF4B-00C04F79EFBC}") = "ArrayList", "ArrayList\ArrayList.csproj", "{E83A8F3C-F512-40B2-9C4D-4E24BBFD2378}"
EndProject
Project("{FAE04EC0-301F-11D3-BF4B-00C04F79EFBC}") = "Stack", "Stack\Stack.csproj", "{1C760354-3962-499F-9F57-86CB34292F3B}"
EndProject
Project("{FAE04EC0-301F-11D3-BF4B-00C04F79EFBC}") = "Queue", "Queue\Queue.csproj", "{5EBD17C5-CC73-4FC7-8C81-47A9A6968748}"
EndProject
Project("{FAE04EC0-301F-11D3-BF4B-00C04F79EFBC}") = "Collection_of_Objects_ConsoleApp", "Collection_of_Objects_ConsoleApp\Collection_of_Objects_ConsoleApp.csproj", "{75C55DE8-5906-4533-9A3C-BC845D743967}"
EndProject
Project("{FAE04EC0-301F-11D3-BF4B-00C04F79EFBC}") = "Object_Relation_One_To_One_Console_App", "Object_Relation_One_To_One_Console_App\Object_Relation_One_To_One_Console_App.csproj", "{E9B011C2-59C1-48C2-A733-E4E31C8FE8DA}"
EndProject
Project("{FAE04EC0-301F-11D3-BF4B-00C04F79EFBC}") = "Object_Relation_One_To_One_Class_Library", "Object_Relation_One_To_One_Class_Library\Object_Relation_One_To_One_Class_Library.csproj", "{3A850EAE-BEC9-49CF-B0EA-EABC8D19D4EE}"
EndProject
Project("{FAE04EC0-301F-11D3-BF4B-00C04F79EFBC}") = "Object_Relation_One_To_Many_Console_App", "Object_Relation_One_To_Many_Console_App\Object_Relation_One_To_Many_Console_App.csproj", "{B914C8F1-5DF9-4767-BE9C-CA7E750B3186}"
EndProject
Project("{FAE04EC0-301F-11D3-BF4B-00C04F79EFBC}") = "Object_Relation_One_To_Many_Class_Library", "Object_Relation_One_To_Many_Class_Library\Object_Relation_One_To_Many_Class_Library.csproj", "{EC8C5C1C-1D87-4BE0-BE4E-85BF854A30C7}"
EndProject
Project("{FAE04EC0-301F-11D3-BF4B-00C04F79EFBC}") = "Object_Relation_Many_To_One_Class_Library", "Object_Relation_Many_To_One_Class_Library\Object_Relation_Many_To_One_Class_Library.csproj", "{847FD2F4-1D8C-43FD-9916-CE09E31EEAFD}"
EndProject
Project("{FAE04EC0-301F-11D3-BF4B-00C04F79EFBC}") = "Object_Relation_Many_To_One_ConsoleApp", "Object_Relation_Many_To_One_ConsoleApp\Object_Relation_Many_To_One_ConsoleApp.csproj", "{3F509E37-F377-44EF-8313-D5038DC87CE1}"
EndProject
Project("{FAE04EC0-301F-11D3-BF4B-00C04F79EFBC}") = "IEnumerable", "IEnumerable\IEnumerable.csproj", "{38C907C8-3932-4E8B-9CA0-DC726AE00560}"
EndProject
Project("{FAE04EC0-301F-11D3-BF4B-00C04F79EFBC}") = "Iterator_and_Yield_Return", "Iterator_and_Yield_Return\Iterator_and_Yield_Return.csproj", "{1829BD46-134B-428E-803D-052D4DDD0DF9}"
EndProject
Project("{FAE04EC0-301F-11D3-BF4B-00C04F79EFBC}") = "CustomCollections", "CustomCollections\CustomCollections.csproj", "{33E57934-D127-479D-BC09-C32EB4F7EC8E}"
EndProject
Project("{FAE04EC0-301F-11D3-BF4B-00C04F79EFBC}") = "Custom_Collection_With_ICollection", "Custom_Collection_With_ICollection\Custom_Collection_With_ICollection.csproj", "{CE486E6C-5AE4-4C57-8847-668EF5032A15}"
EndProject
Project("{FAE04EC0-301F-11D3-BF4B-00C04F79EFBC}") = "Custom_Collection_With_IList", "Custom_Collection_With_IList\Custom_Collection_With_IList.csproj", "{65E90F65-7676-4092-B002-2588CCD64479}"
EndProject
Global
	GlobalSection(SolutionConfigurationPlatforms) = preSolution
		Debug|Any CPU = Debug|Any CPU
		Release|Any CPU = Release|Any CPU
	EndGlobalSection
	GlobalSection(ProjectConfigurationPlatforms) = postSolution
		{41EE64DE-3CA9-4AD5-96DF-62394880138E}.Debug|Any CPU.ActiveCfg = Debug|Any CPU
		{41EE64DE-3CA9-4AD5-96DF-62394880138E}.Debug|Any CPU.Build.0 = Debug|Any CPU
		{41EE64DE-3CA9-4AD5-96DF-62394880138E}.Release|Any CPU.ActiveCfg = Release|Any CPU
		{41EE64DE-3CA9-4AD5-96DF-62394880138E}.Release|Any CPU.Build.0 = Release|Any CPU
		{0CE2E364-6B7A-4230-923E-EECD06DC88D2}.Debug|Any CPU.ActiveCfg = Debug|Any CPU
		{0CE2E364-6B7A-4230-923E-EECD06DC88D2}.Debug|Any CPU.Build.0 = Debug|Any CPU
		{0CE2E364-6B7A-4230-923E-EECD06DC88D2}.Release|Any CPU.ActiveCfg = Release|Any CPU
		{0CE2E364-6B7A-4230-923E-EECD06DC88D2}.Release|Any CPU.Build.0 = Release|Any CPU
		{84774B81-1D0B-4855-8F69-26F118B023E1}.Debug|Any CPU.ActiveCfg = Debug|Any CPU
		{84774B81-1D0B-4855-8F69-26F118B023E1}.Debug|Any CPU.Build.0 = Debug|Any CPU
		{84774B81-1D0B-4855-8F69-26F118B023E1}.Release|Any CPU.ActiveCfg = Release|Any CPU
		{84774B81-1D0B-4855-8F69-26F118B023E1}.Release|Any CPU.Build.0 = Release|Any CPU
		{3D94230D-B8BC-4322-85CE-C9F066F16731}.Debug|Any CPU.ActiveCfg = Debug|Any CPU
		{3D94230D-B8BC-4322-85CE-C9F066F16731}.Debug|Any CPU.Build.0 = Debug|Any CPU
		{3D94230D-B8BC-4322-85CE-C9F066F16731}.Release|Any CPU.ActiveCfg = Release|Any CPU
		{3D94230D-B8BC-4322-85CE-C9F066F16731}.Release|Any CPU.Build.0 = Release|Any CPU
		{7400A907-CD7B-4A97-8201-933D79CBBB1D}.Debug|Any CPU.ActiveCfg = Debug|Any CPU
		{7400A907-CD7B-4A97-8201-933D79CBBB1D}.Debug|Any CPU.Build.0 = Debug|Any CPU
		{7400A907-CD7B-4A97-8201-933D79CBBB1D}.Release|Any CPU.ActiveCfg = Release|Any CPU
		{7400A907-CD7B-4A97-8201-933D79CBBB1D}.Release|Any CPU.Build.0 = Release|Any CPU
		{F8E410BE-63DD-479C-8A63-9A9512A6DC02}.Debug|Any CPU.ActiveCfg = Debug|Any CPU
		{F8E410BE-63DD-479C-8A63-9A9512A6DC02}.Debug|Any CPU.Build.0 = Debug|Any CPU
		{F8E410BE-63DD-479C-8A63-9A9512A6DC02}.Release|Any CPU.ActiveCfg = Release|Any CPU
		{F8E410BE-63DD-479C-8A63-9A9512A6DC02}.Release|Any CPU.Build.0 = Release|Any CPU
		{6CFB46BF-AB96-4380-B3D8-0113AEF91B86}.Debug|Any CPU.ActiveCfg = Debug|Any CPU
		{6CFB46BF-AB96-4380-B3D8-0113AEF91B86}.Debug|Any CPU.Build.0 = Debug|Any CPU
		{6CFB46BF-AB96-4380-B3D8-0113AEF91B86}.Release|Any CPU.ActiveCfg = Release|Any CPU
		{6CFB46BF-AB96-4380-B3D8-0113AEF91B86}.Release|Any CPU.Build.0 = Release|Any CPU
		{E83A8F3C-F512-40B2-9C4D-4E24BBFD2378}.Debug|Any CPU.ActiveCfg = Debug|Any CPU
		{E83A8F3C-F512-40B2-9C4D-4E24BBFD2378}.Debug|Any CPU.Build.0 = Debug|Any CPU
		{E83A8F3C-F512-40B2-9C4D-4E24BBFD2378}.Release|Any CPU.ActiveCfg = Release|Any CPU
		{E83A8F3C-F512-40B2-9C4D-4E24BBFD2378}.Release|Any CPU.Build.0 = Release|Any CPU
		{1C760354-3962-499F-9F57-86CB34292F3B}.Debug|Any CPU.ActiveCfg = Debug|Any CPU
		{1C760354-3962-499F-9F57-86CB34292F3B}.Debug|Any CPU.Build.0 = Debug|Any CPU
		{1C760354-3962-499F-9F57-86CB34292F3B}.Release|Any CPU.ActiveCfg = Release|Any CPU
		{1C760354-3962-499F-9F57-86CB34292F3B}.Release|Any CPU.Build.0 = Release|Any CPU
		{5EBD17C5-CC73-4FC7-8C81-47A9A6968748}.Debug|Any CPU.ActiveCfg = Debug|Any CPU
		{5EBD17C5-CC73-4FC7-8C81-47A9A6968748}.Debug|Any CPU.Build.0 = Debug|Any CPU
		{5EBD17C5-CC73-4FC7-8C81-47A9A6968748}.Release|Any CPU.ActiveCfg = Release|Any CPU
		{5EBD17C5-CC73-4FC7-8C81-47A9A6968748}.Release|Any CPU.Build.0 = Release|Any CPU
		{75C55DE8-5906-4533-9A3C-BC845D743967}.Debug|Any CPU.ActiveCfg = Debug|Any CPU
		{75C55DE8-5906-4533-9A3C-BC845D743967}.Debug|Any CPU.Build.0 = Debug|Any CPU
		{75C55DE8-5906-4533-9A3C-BC845D743967}.Release|Any CPU.ActiveCfg = Release|Any CPU
		{75C55DE8-5906-4533-9A3C-BC845D743967}.Release|Any CPU.Build.0 = Release|Any CPU
		{E9B011C2-59C1-48C2-A733-E4E31C8FE8DA}.Debug|Any CPU.ActiveCfg = Debug|Any CPU
		{E9B011C2-59C1-48C2-A733-E4E31C8FE8DA}.Debug|Any CPU.Build.0 = Debug|Any CPU
		{E9B011C2-59C1-48C2-A733-E4E31C8FE8DA}.Release|Any CPU.ActiveCfg = Release|Any CPU
		{E9B011C2-59C1-48C2-A733-E4E31C8FE8DA}.Release|Any CPU.Build.0 = Release|Any CPU
		{3A850EAE-BEC9-49CF-B0EA-EABC8D19D4EE}.Debug|Any CPU.ActiveCfg = Debug|Any CPU
		{3A850EAE-BEC9-49CF-B0EA-EABC8D19D4EE}.Debug|Any CPU.Build.0 = Debug|Any CPU
		{3A850EAE-BEC9-49CF-B0EA-EABC8D19D4EE}.Release|Any CPU.ActiveCfg = Release|Any CPU
		{3A850EAE-BEC9-49CF-B0EA-EABC8D19D4EE}.Release|Any CPU.Build.0 = Release|Any CPU
		{B914C8F1-5DF9-4767-BE9C-CA7E750B3186}.Debug|Any CPU.ActiveCfg = Debug|Any CPU
		{B914C8F1-5DF9-4767-BE9C-CA7E750B3186}.Debug|Any CPU.Build.0 = Debug|Any CPU
		{B914C8F1-5DF9-4767-BE9C-CA7E750B3186}.Release|Any CPU.ActiveCfg = Release|Any CPU
		{B914C8F1-5DF9-4767-BE9C-CA7E750B3186}.Release|Any CPU.Build.0 = Release|Any CPU
		{EC8C5C1C-1D87-4BE0-BE4E-85BF854A30C7}.Debug|Any CPU.ActiveCfg = Debug|Any CPU
		{EC8C5C1C-1D87-4BE0-BE4E-85BF854A30C7}.Debug|Any CPU.Build.0 = Debug|Any CPU
		{EC8C5C1C-1D87-4BE0-BE4E-85BF854A30C7}.Release|Any CPU.ActiveCfg = Release|Any CPU
		{EC8C5C1C-1D87-4BE0-BE4E-85BF854A30C7}.Release|Any CPU.Build.0 = Release|Any CPU
		{847FD2F4-1D8C-43FD-9916-CE09E31EEAFD}.Debug|Any CPU.ActiveCfg = Debug|Any CPU
		{847FD2F4-1D8C-43FD-9916-CE09E31EEAFD}.Debug|Any CPU.Build.0 = Debug|Any CPU
		{847FD2F4-1D8C-43FD-9916-CE09E31EEAFD}.Release|Any CPU.ActiveCfg = Release|Any CPU
		{847FD2F4-1D8C-43FD-9916-CE09E31EEAFD}.Release|Any CPU.Build.0 = Release|Any CPU
		{3F509E37-F377-44EF-8313-D5038DC87CE1}.Debug|Any CPU.ActiveCfg = Debug|Any CPU
		{3F509E37-F377-44EF-8313-D5038DC87CE1}.Debug|Any CPU.Build.0 = Debug|Any CPU
		{3F509E37-F377-44EF-8313-D5038DC87CE1}.Release|Any CPU.ActiveCfg = Release|Any CPU
		{3F509E37-F377-44EF-8313-D5038DC87CE1}.Release|Any CPU.Build.0 = Release|Any CPU
		{38C907C8-3932-4E8B-9CA0-DC726AE00560}.Debug|Any CPU.ActiveCfg = Debug|Any CPU
		{38C907C8-3932-4E8B-9CA0-DC726AE00560}.Debug|Any CPU.Build.0 = Debug|Any CPU
		{38C907C8-3932-4E8B-9CA0-DC726AE00560}.Release|Any CPU.ActiveCfg = Release|Any CPU
		{38C907C8-3932-4E8B-9CA0-DC726AE00560}.Release|Any CPU.Build.0 = Release|Any CPU
		{1829BD46-134B-428E-803D-052D4DDD0DF9}.Debug|Any CPU.ActiveCfg = Debug|Any CPU
		{1829BD46-134B-428E-803D-052D4DDD0DF9}.Debug|Any CPU.Build.0 = Debug|Any CPU
		{1829BD46-134B-428E-803D-052D4DDD0DF9}.Release|Any CPU.ActiveCfg = Release|Any CPU
		{1829BD46-134B-428E-803D-052D4DDD0DF9}.Release|Any CPU.Build.0 = Release|Any CPU
		{33E57934-D127-479D-BC09-C32EB4F7EC8E}.Debug|Any CPU.ActiveCfg = Debug|Any CPU
		{33E57934-D127-479D-BC09-C32EB4F7EC8E}.Debug|Any CPU.Build.0 = Debug|Any CPU
		{33E57934-D127-479D-BC09-C32EB4F7EC8E}.Release|Any CPU.ActiveCfg = Release|Any CPU
		{33E57934-D127-479D-BC09-C32EB4F7EC8E}.Release|Any CPU.Build.0 = Release|Any CPU
		{CE486E6C-5AE4-4C57-8847-668EF5032A15}.Debug|Any CPU.ActiveCfg = Debug|Any CPU
		{CE486E6C-5AE4-4C57-8847-668EF5032A15}.Debug|Any CPU.Build.0 = Debug|Any CPU
		{CE486E6C-5AE4-4C57-8847-668EF5032A15}.Release|Any CPU.ActiveCfg = Release|Any CPU
		{CE486E6C-5AE4-4C57-8847-668EF5032A15}.Release|Any CPU.Build.0 = Release|Any CPU
		{65E90F65-7676-4092-B002-2588CCD64479}.Debug|Any CPU.ActiveCfg = Debug|Any CPU
		{65E90F65-7676-4092-B002-2588CCD64479}.Debug|Any CPU.Build.0 = Debug|Any CPU
		{65E90F65-7676-4092-B002-2588CCD64479}.Release|Any CPU.ActiveCfg = Release|Any CPU
		{65E90F65-7676-4092-B002-2588CCD64479}.Release|Any CPU.Build.0 = Release|Any CPU
	EndGlobalSection
	GlobalSection(SolutionProperties) = preSolution
		HideSolutionNode = FALSE
	EndGlobalSection
	GlobalSection(ExtensibilityGlobals) = postSolution
		SolutionGuid = {31A38B25-8EF2-49CA-B99E-A843E0A7693A}
	EndGlobalSection
EndGlobal
