
Microsoft Visual Studio Solution File, Format Version 12.00
# Visual Studio Version 17
VisualStudioVersion = 17.10.35027.167
MinimumVisualStudioVersion = 10.0.40219.1
Project("{FAE04EC0-301F-11D3-BF4B-00C04F79EFBC}") = "Readonly_Structures", "Readonly_Structures.csproj", "{7F8BB266-F555-4203-9DED-E02D43325A01}"
EndProject
Project("{FAE04EC0-301F-11D3-BF4B-00C04F79EFBC}") = "Read_Only_Structures_Class_Library", "Read_Only_Structures_Class_Library\Read_Only_Structures_Class_Library.csproj", "{99DC5D42-9501-4699-88C2-36161086BE0D}"
EndProject
Global
	GlobalSection(SolutionConfigurationPlatforms) = preSolution
		Debug|Any CPU = Debug|Any CPU
		Release|Any CPU = Release|Any CPU
	EndGlobalSection
	GlobalSection(ProjectConfigurationPlatforms) = postSolution
		{7F8BB266-F555-4203-9DED-E02D43325A01}.Debug|Any CPU.ActiveCfg = Debug|Any CPU
		{7F8BB266-F555-4203-9DED-E02D43325A01}.Debug|Any CPU.Build.0 = Debug|Any CPU
		{7F8BB266-F555-4203-9DED-E02D43325A01}.Release|Any CPU.ActiveCfg = Release|Any CPU
		{7F8BB266-F555-4203-9DED-E02D43325A01}.Release|Any CPU.Build.0 = Release|Any CPU
		{99DC5D42-9501-4699-88C2-36161086BE0D}.Debug|Any CPU.ActiveCfg = Debug|Any CPU
		{99DC5D42-9501-4699-88C2-36161086BE0D}.Debug|Any CPU.Build.0 = Debug|Any CPU
		{99DC5D42-9501-4699-88C2-36161086BE0D}.Release|Any CPU.ActiveCfg = Release|Any CPU
		{99DC5D42-9501-4699-88C2-36161086BE0D}.Release|Any CPU.Build.0 = Release|Any CPU
	EndGlobalSection
	GlobalSection(SolutionProperties) = preSolution
		HideSolutionNode = FALSE
	EndGlobalSection
	GlobalSection(ExtensibilityGlobals) = postSolution
		SolutionGuid = {0A37F607-39D4-4B47-9BE1-478C42DC463D}
	EndGlobalSection
EndGlobal
