
Microsoft Visual Studio Solution File, Format Version 12.00
# Visual Studio Version 17
VisualStudioVersion = 17.7.34202.233
MinimumVisualStudioVersion = 10.0.40219.1
Project("{FAE04EC0-301F-11D3-BF4B-00C04F79EFBC}") = "Section_20_Delegates_and_Events", "Section_20_Delegates_and_Events.csproj", "{E3C56A4E-8690-4145-83C1-9AD0B39B542B}"
EndProject
Project("{FAE04EC0-301F-11D3-BF4B-00C04F79EFBC}") = "Delegates_Class_Library", "Delegates_Class_Library\Delegates_Class_Library.csproj", "{1E112FE2-48C4-4485-A54B-6BAEEF6C4E6E}"
EndProject
Project("{FAE04EC0-301F-11D3-BF4B-00C04F79EFBC}") = "Multi_Cast_Delegates", "Multi_Cast_Delegates\Multi_Cast_Delegates.csproj", "{91FE0F4F-A505-47B3-89C4-6CD5A41D9C6E}"
EndProject
Project("{FAE04EC0-301F-11D3-BF4B-00C04F79EFBC}") = "Multi_Cast_Delegate_ClassLibrary", "Multi_Cast_Delegate_ClassLibrary\Multi_Cast_Delegate_ClassLibrary.csproj", "{C449543A-34C7-468B-A300-0BF357D80E85}"
EndProject
Project("{FAE04EC0-301F-11D3-BF4B-00C04F79EFBC}") = "Events_ConsoleApp", "Events_ConsoleApp\Events_ConsoleApp.csproj", "{663EEE3D-2DF2-44D1-86D8-F2A5D50A7789}"
EndProject
Project("{FAE04EC0-301F-11D3-BF4B-00C04F79EFBC}") = "Events_ClassLibrary", "Events_ClassLibrary\Events_ClassLibrary.csproj", "{008C16BA-C229-4CC2-9DA7-9DE7D958D458}"
EndProject
Global
	GlobalSection(SolutionConfigurationPlatforms) = preSolution
		Debug|Any CPU = Debug|Any CPU
		Release|Any CPU = Release|Any CPU
	EndGlobalSection
	GlobalSection(ProjectConfigurationPlatforms) = postSolution
		{E3C56A4E-8690-4145-83C1-9AD0B39B542B}.Debug|Any CPU.ActiveCfg = Debug|Any CPU
		{E3C56A4E-8690-4145-83C1-9AD0B39B542B}.Debug|Any CPU.Build.0 = Debug|Any CPU
		{E3C56A4E-8690-4145-83C1-9AD0B39B542B}.Release|Any CPU.ActiveCfg = Release|Any CPU
		{E3C56A4E-8690-4145-83C1-9AD0B39B542B}.Release|Any CPU.Build.0 = Release|Any CPU
		{1E112FE2-48C4-4485-A54B-6BAEEF6C4E6E}.Debug|Any CPU.ActiveCfg = Debug|Any CPU
		{1E112FE2-48C4-4485-A54B-6BAEEF6C4E6E}.Debug|Any CPU.Build.0 = Debug|Any CPU
		{1E112FE2-48C4-4485-A54B-6BAEEF6C4E6E}.Release|Any CPU.ActiveCfg = Release|Any CPU
		{1E112FE2-48C4-4485-A54B-6BAEEF6C4E6E}.Release|Any CPU.Build.0 = Release|Any CPU
		{91FE0F4F-A505-47B3-89C4-6CD5A41D9C6E}.Debug|Any CPU.ActiveCfg = Debug|Any CPU
		{91FE0F4F-A505-47B3-89C4-6CD5A41D9C6E}.Debug|Any CPU.Build.0 = Debug|Any CPU
		{91FE0F4F-A505-47B3-89C4-6CD5A41D9C6E}.Release|Any CPU.ActiveCfg = Release|Any CPU
		{91FE0F4F-A505-47B3-89C4-6CD5A41D9C6E}.Release|Any CPU.Build.0 = Release|Any CPU
		{C449543A-34C7-468B-A300-0BF357D80E85}.Debug|Any CPU.ActiveCfg = Debug|Any CPU
		{C449543A-34C7-468B-A300-0BF357D80E85}.Debug|Any CPU.Build.0 = Debug|Any CPU
		{C449543A-34C7-468B-A300-0BF357D80E85}.Release|Any CPU.ActiveCfg = Release|Any CPU
		{C449543A-34C7-468B-A300-0BF357D80E85}.Release|Any CPU.Build.0 = Release|Any CPU
		{663EEE3D-2DF2-44D1-86D8-F2A5D50A7789}.Debug|Any CPU.ActiveCfg = Debug|Any CPU
		{663EEE3D-2DF2-44D1-86D8-F2A5D50A7789}.Debug|Any CPU.Build.0 = Debug|Any CPU
		{663EEE3D-2DF2-44D1-86D8-F2A5D50A7789}.Release|Any CPU.ActiveCfg = Release|Any CPU
		{663EEE3D-2DF2-44D1-86D8-F2A5D50A7789}.Release|Any CPU.Build.0 = Release|Any CPU
		{008C16BA-C229-4CC2-9DA7-9DE7D958D458}.Debug|Any CPU.ActiveCfg = Debug|Any CPU
		{008C16BA-C229-4CC2-9DA7-9DE7D958D458}.Debug|Any CPU.Build.0 = Debug|Any CPU
		{008C16BA-C229-4CC2-9DA7-9DE7D958D458}.Release|Any CPU.ActiveCfg = Release|Any CPU
		{008C16BA-C229-4CC2-9DA7-9DE7D958D458}.Release|Any CPU.Build.0 = Release|Any CPU
	EndGlobalSection
	GlobalSection(SolutionProperties) = preSolution
		HideSolutionNode = FALSE
	EndGlobalSection
	GlobalSection(ExtensibilityGlobals) = postSolution
		SolutionGuid = {6D95F675-B382-4DD6-A65F-9B085F879EF5}
	EndGlobalSection
EndGlobal
