
Microsoft Visual Studio Solution File, Format Version 12.00
# Visual Studio Version 17
VisualStudioVersion = 17.11.35327.3
MinimumVisualStudioVersion = 10.0.40219.1
Project("{FAE04EC0-301F-11D3-BF4B-00C04F79EFBC}") = "ConsoleApp", "ConsoleApp.csproj", "{0DB07F51-8D29-4EB4-8811-61BC1E321306}"
EndProject
Global
	GlobalSection(SolutionConfigurationPlatforms) = preSolution
		Debug|Any CPU = Debug|Any CPU
		Release|Any CPU = Release|Any CPU
	EndGlobalSection
	GlobalSection(ProjectConfigurationPlatforms) = postSolution
		{0DB07F51-8D29-4EB4-8811-61BC1E321306}.Debug|Any CPU.ActiveCfg = Debug|Any CPU
		{0DB07F51-8D29-4EB4-8811-61BC1E321306}.Debug|Any CPU.Build.0 = Debug|Any CPU
		{0DB07F51-8D29-4EB4-8811-61BC1E321306}.Release|Any CPU.ActiveCfg = Release|Any CPU
		{0DB07F51-8D29-4EB4-8811-61BC1E321306}.Release|Any CPU.Build.0 = Release|Any CPU
	EndGlobalSection
	GlobalSection(SolutionProperties) = preSolution
		HideSolutionNode = FALSE
	EndGlobalSection
	GlobalSection(ExtensibilityGlobals) = postSolution
		SolutionGuid = {9AB9F3FD-4EA2-4FB4-9192-61C5A6985850}
	EndGlobalSection
EndGlobal
