
Microsoft Visual Studio Solution File, Format Version 12.00
# Visual Studio Version 17
VisualStudioVersion = 17.10.35027.167
MinimumVisualStudioVersion = 10.0.40219.1
Project("{FAE04EC0-301F-11D3-BF4B-00C04F79EFBC}") = "ToArray_ForEach_ConsoleApp", "ToArray_ForEach_ConsoleApp.csproj", "{0093E6A7-5A07-4C48-AA79-00F7F237E090}"
EndProject
Global
	GlobalSection(SolutionConfigurationPlatforms) = preSolution
		Debug|Any CPU = Debug|Any CPU
		Release|Any CPU = Release|Any CPU
	EndGlobalSection
	GlobalSection(ProjectConfigurationPlatforms) = postSolution
		{0093E6A7-5A07-4C48-AA79-00F7F237E090}.Debug|Any CPU.ActiveCfg = Debug|Any CPU
		{0093E6A7-5A07-4C48-AA79-00F7F237E090}.Debug|Any CPU.Build.0 = Debug|Any CPU
		{0093E6A7-5A07-4C48-AA79-00F7F237E090}.Release|Any CPU.ActiveCfg = Release|Any CPU
		{0093E6A7-5A07-4C48-AA79-00F7F237E090}.Release|Any CPU.Build.0 = Release|Any CPU
	EndGlobalSection
	GlobalSection(SolutionProperties) = preSolution
		HideSolutionNode = FALSE
	EndGlobalSection
	GlobalSection(ExtensibilityGlobals) = postSolution
		SolutionGuid = {07817D70-B074-41BE-8B5B-3482F362F316}
	EndGlobalSection
EndGlobal
