
Microsoft Visual Studio Solution File, Format Version 12.00
# Visual Studio Version 17
VisualStudioVersion = 17.10.35027.167
MinimumVisualStudioVersion = 10.0.40219.1
Project("{FAE04EC0-301F-11D3-BF4B-00C04F79EFBC}") = "Multiple_Thread", "Multiple_Thread.csproj", "{D07371F1-EB7F-4245-BD9A-FCA4AF25AC3C}"
EndProject
Global
	GlobalSection(SolutionConfigurationPlatforms) = preSolution
		Debug|Any CPU = Debug|Any CPU
		Release|Any CPU = Release|Any CPU
	EndGlobalSection
	GlobalSection(ProjectConfigurationPlatforms) = postSolution
		{D07371F1-EB7F-4245-BD9A-FCA4AF25AC3C}.Debug|Any CPU.ActiveCfg = Debug|Any CPU
		{D07371F1-EB7F-4245-BD9A-FCA4AF25AC3C}.Debug|Any CPU.Build.0 = Debug|Any CPU
		{D07371F1-EB7F-4245-BD9A-FCA4AF25AC3C}.Release|Any CPU.ActiveCfg = Release|Any CPU
		{D07371F1-EB7F-4245-BD9A-FCA4AF25AC3C}.Release|Any CPU.Build.0 = Release|Any CPU
	EndGlobalSection
	GlobalSection(SolutionProperties) = preSolution
		HideSolutionNode = FALSE
	EndGlobalSection
	GlobalSection(ExtensibilityGlobals) = postSolution
		SolutionGuid = {B4AE9960-8B4A-401B-8B78-517540C099F1}
	EndGlobalSection
EndGlobal
