
Microsoft Visual Studio Solution File, Format Version 12.00
# Visual Studio Version 17
VisualStudioVersion = 17.10.35027.167
MinimumVisualStudioVersion = 10.0.40219.1
Project("{FAE04EC0-301F-11D3-BF4B-00C04F79EFBC}") = "Section_21_Arrays", "Section_21_Arrays.csproj", "{6D1708A0-223C-4230-A9C6-EF3E5684C995}"
EndProject
Project("{FAE04EC0-301F-11D3-BF4B-00C04F79EFBC}") = "Arrays_Of_Objects_ConsoleApp", "Arrays_Of_Objects_ConsoleApp\Arrays_Of_Objects_ConsoleApp.csproj", "{C8595F93-D563-4434-AC6B-C571B6C83E54}"
EndProject
Project("{FAE04EC0-301F-11D3-BF4B-00C04F79EFBC}") = "Arrays_Of_Obejcts_Class_Library", "Arrays_Of_Obejcts_Class_Library\Arrays_Of_Obejcts_Class_Library.csproj", "{28544FE0-C33E-4791-A64D-0BCACF92F551}"
EndProject
Project("{FAE04EC0-301F-11D3-BF4B-00C04F79EFBC}") = "CopyTo_and_Clone_ConsoleApp", "CopyTo_and_Clone_ConsoleApp\CopyTo_and_Clone_ConsoleApp.csproj", "{10AE4B6D-83C2-404F-AB24-318F51F8DB24}"
EndProject
Global
	GlobalSection(SolutionConfigurationPlatforms) = preSolution
		Debug|Any CPU = Debug|Any CPU
		Release|Any CPU = Release|Any CPU
	EndGlobalSection
	GlobalSection(ProjectConfigurationPlatforms) = postSolution
		{6D1708A0-223C-4230-A9C6-EF3E5684C995}.Debug|Any CPU.ActiveCfg = Debug|Any CPU
		{6D1708A0-223C-4230-A9C6-EF3E5684C995}.Debug|Any CPU.Build.0 = Debug|Any CPU
		{6D1708A0-223C-4230-A9C6-EF3E5684C995}.Release|Any CPU.ActiveCfg = Release|Any CPU
		{6D1708A0-223C-4230-A9C6-EF3E5684C995}.Release|Any CPU.Build.0 = Release|Any CPU
		{C8595F93-D563-4434-AC6B-C571B6C83E54}.Debug|Any CPU.ActiveCfg = Debug|Any CPU
		{C8595F93-D563-4434-AC6B-C571B6C83E54}.Debug|Any CPU.Build.0 = Debug|Any CPU
		{C8595F93-D563-4434-AC6B-C571B6C83E54}.Release|Any CPU.ActiveCfg = Release|Any CPU
		{C8595F93-D563-4434-AC6B-C571B6C83E54}.Release|Any CPU.Build.0 = Release|Any CPU
		{28544FE0-C33E-4791-A64D-0BCACF92F551}.Debug|Any CPU.ActiveCfg = Debug|Any CPU
		{28544FE0-C33E-4791-A64D-0BCACF92F551}.Debug|Any CPU.Build.0 = Debug|Any CPU
		{28544FE0-C33E-4791-A64D-0BCACF92F551}.Release|Any CPU.ActiveCfg = Release|Any CPU
		{28544FE0-C33E-4791-A64D-0BCACF92F551}.Release|Any CPU.Build.0 = Release|Any CPU
		{10AE4B6D-83C2-404F-AB24-318F51F8DB24}.Debug|Any CPU.ActiveCfg = Debug|Any CPU
		{10AE4B6D-83C2-404F-AB24-318F51F8DB24}.Debug|Any CPU.Build.0 = Debug|Any CPU
		{10AE4B6D-83C2-404F-AB24-318F51F8DB24}.Release|Any CPU.ActiveCfg = Release|Any CPU
		{10AE4B6D-83C2-404F-AB24-318F51F8DB24}.Release|Any CPU.Build.0 = Release|Any CPU
	EndGlobalSection
	GlobalSection(SolutionProperties) = preSolution
		HideSolutionNode = FALSE
	EndGlobalSection
	GlobalSection(ExtensibilityGlobals) = postSolution
		SolutionGuid = {BCA24DF3-D938-4737-8FEF-7AAE40982A6E}
	EndGlobalSection
EndGlobal
